
Microsoft Visual Studio Solution File, Format Version 10.00
# Visual Studio 2008
Project("{FAE04EC0-301F-11D3-BF4B-00C04F79EFBC}") = "encryption_and_decryption", "encryption_and_decryption.csproj", "{2A68298F-C2D6-4A4E-8565-63FC92F54021}"
EndProject
Global
	GlobalSection(SolutionConfigurationPlatforms) = preSolution
		Debug|Any CPU = Debug|Any CPU
		Release|Any CPU = Release|Any CPU
	EndGlobalSection
	GlobalSection(ProjectConfigurationPlatforms) = postSolution
		{2A68298F-C2D6-4A4E-8565-63FC92F54021}.Debug|Any CPU.ActiveCfg = Debug|Any CPU
		{2A68298F-C2D6-4A4E-8565-63FC92F54021}.Debug|Any CPU.Build.0 = Debug|Any CPU
		{2A68298F-C2D6-4A4E-8565-63FC92F54021}.Release|Any CPU.ActiveCfg = Release|Any CPU
		{2A68298F-C2D6-4A4E-8565-63FC92F54021}.Release|Any CPU.Build.0 = Release|Any CPU
	EndGlobalSection
	GlobalSection(SolutionProperties) = preSolution
		HideSolutionNode = FALSE
	EndGlobalSection
EndGlobal
